
Microsoft Visual Studio Solution File, Format Version 12.00
# Visual Studio Version 17
VisualStudioVersion = 17.5.33530.505
MinimumVisualStudioVersion = 10.0.40219.1
Project("{FAE04EC0-301F-11D3-BF4B-00C04F79EFBC}") = "LoginRegistrationJWT", "LoginRegistrationJWT.csproj", "{7CF90B4D-711F-4041-AA6F-A59AB4E2F76B}"
EndProject
Global
	GlobalSection(SolutionConfigurationPlatforms) = preSolution
		Debug|Any CPU = Debug|Any CPU
		Release|Any CPU = Release|Any CPU
	EndGlobalSection
	GlobalSection(ProjectConfigurationPlatforms) = postSolution
		{7CF90B4D-711F-4041-AA6F-A59AB4E2F76B}.Debug|Any CPU.ActiveCfg = Debug|Any CPU
		{7CF90B4D-711F-4041-AA6F-A59AB4E2F76B}.Debug|Any CPU.Build.0 = Debug|Any CPU
		{7CF90B4D-711F-4041-AA6F-A59AB4E2F76B}.Release|Any CPU.ActiveCfg = Release|Any CPU
		{7CF90B4D-711F-4041-AA6F-A59AB4E2F76B}.Release|Any CPU.Build.0 = Release|Any CPU
	EndGlobalSection
	GlobalSection(SolutionProperties) = preSolution
		HideSolutionNode = FALSE
	EndGlobalSection
	GlobalSection(ExtensibilityGlobals) = postSolution
		SolutionGuid = {80060E88-B3D4-4B43-9781-B1EBFFD607E5}
	EndGlobalSection
EndGlobal
